// !$*UTF8*$!
{
	archiveVersion = 1;
	classes = {
	};
	objectVersion = 52;
	objects = {

/* Begin PBXBuildFile section */
		970A420925DF33060057F2BE /* QGrid in Frameworks */ = {isa = PBXBuildFile; productRef = 970A420825DF33060057F2BE /* QGrid */; };
		97997C3D25D4A2EE0010C4BC /* Tests_iOS.swift in Sources */ = {isa = PBXBuildFile; fileRef = 97997C3C25D4A2EE0010C4BC /* Tests_iOS.swift */; };
		97997C4825D4A2EE0010C4BC /* Tests_macOS.swift in Sources */ = {isa = PBXBuildFile; fileRef = 97997C4725D4A2EE0010C4BC /* Tests_macOS.swift */; };
		97997C4A25D4A2EE0010C4BC /* NameGameApp.swift in Sources */ = {isa = PBXBuildFile; fileRef = 97997C2125D4A2EC0010C4BC /* NameGameApp.swift */; };
		97997C4B25D4A2EE0010C4BC /* NameGameApp.swift in Sources */ = {isa = PBXBuildFile; fileRef = 97997C2125D4A2EC0010C4BC /* NameGameApp.swift */; };
		97997C4C25D4A2EE0010C4BC /* HomeView.swift in Sources */ = {isa = PBXBuildFile; fileRef = 97997C2225D4A2EC0010C4BC /* HomeView.swift */; };
		97997C4D25D4A2EE0010C4BC /* HomeView.swift in Sources */ = {isa = PBXBuildFile; fileRef = 97997C2225D4A2EC0010C4BC /* HomeView.swift */; };
		97997C4E25D4A2EE0010C4BC /* Assets.xcassets in Resources */ = {isa = PBXBuildFile; fileRef = 97997C2325D4A2EE0010C4BC /* Assets.xcassets */; };
		97997C4F25D4A2EE0010C4BC /* Assets.xcassets in Resources */ = {isa = PBXBuildFile; fileRef = 97997C2325D4A2EE0010C4BC /* Assets.xcassets */; };
		97997C6B25D4B7C00010C4BC /* HomeMenuButton.swift in Sources */ = {isa = PBXBuildFile; fileRef = 97997C6A25D4B7BF0010C4BC /* HomeMenuButton.swift */; };
		97997C6C25D4B7C00010C4BC /* HomeMenuButton.swift in Sources */ = {isa = PBXBuildFile; fileRef = 97997C6A25D4B7BF0010C4BC /* HomeMenuButton.swift */; };
		97997C7225D4CDF50010C4BC /* GameView.swift in Sources */ = {isa = PBXBuildFile; fileRef = 97997C7125D4CDF50010C4BC /* GameView.swift */; };
		97997C7325D4CDF50010C4BC /* GameView.swift in Sources */ = {isa = PBXBuildFile; fileRef = 97997C7125D4CDF50010C4BC /* GameView.swift */; };
		97997C8125D4D1A90010C4BC /* Employee.swift in Sources */ = {isa = PBXBuildFile; fileRef = 97997C8025D4D1A90010C4BC /* Employee.swift */; };
		97997C8225D4D1A90010C4BC /* Employee.swift in Sources */ = {isa = PBXBuildFile; fileRef = 97997C8025D4D1A90010C4BC /* Employee.swift */; };
		97997C9025D4D57B0010C4BC /* EmployeeModel.swift in Sources */ = {isa = PBXBuildFile; fileRef = 97997C8F25D4D57B0010C4BC /* EmployeeModel.swift */; };
		97997C9125D4D57B0010C4BC /* EmployeeModel.swift in Sources */ = {isa = PBXBuildFile; fileRef = 97997C8F25D4D57B0010C4BC /* EmployeeModel.swift */; };
		97A8252A25D8808600DF242C /* Game.swift in Sources */ = {isa = PBXBuildFile; fileRef = 97A8252925D8808600DF242C /* Game.swift */; };
		97A8253825D880C700DF242C /* PracticeGame.swift in Sources */ = {isa = PBXBuildFile; fileRef = 97A8253725D880C700DF242C /* PracticeGame.swift */; };
		97A8253E25D880D100DF242C /* TimedGame.swift in Sources */ = {isa = PBXBuildFile; fileRef = 97A8253D25D880D100DF242C /* TimedGame.swift */; };
		97A8254425D8858B00DF242C /* apiData.json in Resources */ = {isa = PBXBuildFile; fileRef = 97A8254325D8858B00DF242C /* apiData.json */; };
		97A8254525D8858B00DF242C /* apiData.json in Resources */ = {isa = PBXBuildFile; fileRef = 97A8254325D8858B00DF242C /* apiData.json */; };
		97A8254625D8858B00DF242C /* apiData.json in Resources */ = {isa = PBXBuildFile; fileRef = 97A8254325D8858B00DF242C /* apiData.json */; };
		97A8254725D8858B00DF242C /* apiData.json in Resources */ = {isa = PBXBuildFile; fileRef = 97A8254325D8858B00DF242C /* apiData.json */; };
		97A8255525D88DE400DF242C /* PracticeModeView.swift in Sources */ = {isa = PBXBuildFile; fileRef = 97A8255425D88DE400DF242C /* PracticeModeView.swift */; };
		97A8255625D88DE400DF242C /* PracticeModeView.swift in Sources */ = {isa = PBXBuildFile; fileRef = 97A8255425D88DE400DF242C /* PracticeModeView.swift */; };
		97A8255725D88DE400DF242C /* PracticeModeView.swift in Sources */ = {isa = PBXBuildFile; fileRef = 97A8255425D88DE400DF242C /* PracticeModeView.swift */; };
		97A8255825D88DE400DF242C /* PracticeModeView.swift in Sources */ = {isa = PBXBuildFile; fileRef = 97A8255425D88DE400DF242C /* PracticeModeView.swift */; };
		97A8255E25D8B63500DF242C /* GameButton.swift in Sources */ = {isa = PBXBuildFile; fileRef = 97A8255D25D8B63500DF242C /* GameButton.swift */; };
		97A8255F25D8B63500DF242C /* GameButton.swift in Sources */ = {isa = PBXBuildFile; fileRef = 97A8255D25D8B63500DF242C /* GameButton.swift */; };
		97A8256025D8B63500DF242C /* GameButton.swift in Sources */ = {isa = PBXBuildFile; fileRef = 97A8255D25D8B63500DF242C /* GameButton.swift */; };
		97A8256125D8B63500DF242C /* GameButton.swift in Sources */ = {isa = PBXBuildFile; fileRef = 97A8255D25D8B63500DF242C /* GameButton.swift */; };
		97A8256F25D9B6AE00DF242C /* EmployeeButton.swift in Sources */ = {isa = PBXBuildFile; fileRef = 97A8256E25D9B6AE00DF242C /* EmployeeButton.swift */; };
		97A8257025D9B6AE00DF242C /* EmployeeButton.swift in Sources */ = {isa = PBXBuildFile; fileRef = 97A8256E25D9B6AE00DF242C /* EmployeeButton.swift */; };
		97A8257125D9B6AE00DF242C /* EmployeeButton.swift in Sources */ = {isa = PBXBuildFile; fileRef = 97A8256E25D9B6AE00DF242C /* EmployeeButton.swift */; };
		97A8257225D9B6AE00DF242C /* EmployeeButton.swift in Sources */ = {isa = PBXBuildFile; fileRef = 97A8256E25D9B6AE00DF242C /* EmployeeButton.swift */; };
		97A8257C25DB585C00DF242C /* GameImage.swift in Sources */ = {isa = PBXBuildFile; fileRef = 97A8257B25DB585C00DF242C /* GameImage.swift */; };
		97A8257D25DB585D00DF242C /* GameImage.swift in Sources */ = {isa = PBXBuildFile; fileRef = 97A8257B25DB585C00DF242C /* GameImage.swift */; };
		97A8257E25DB585D00DF242C /* GameImage.swift in Sources */ = {isa = PBXBuildFile; fileRef = 97A8257B25DB585C00DF242C /* GameImage.swift */; };
		97A8257F25DB585D00DF242C /* GameImage.swift in Sources */ = {isa = PBXBuildFile; fileRef = 97A8257B25DB585C00DF242C /* GameImage.swift */; };
/* End PBXBuildFile section */

/* Begin PBXContainerItemProxy section */
		97997C3925D4A2EE0010C4BC /* PBXContainerItemProxy */ = {
			isa = PBXContainerItemProxy;
			containerPortal = 97997C1C25D4A2EC0010C4BC /* Project object */;
			proxyType = 1;
			remoteGlobalIDString = 97997C2725D4A2EE0010C4BC;
			remoteInfo = "NameGame (iOS)";
		};
		97997C4425D4A2EE0010C4BC /* PBXContainerItemProxy */ = {
			isa = PBXContainerItemProxy;
			containerPortal = 97997C1C25D4A2EC0010C4BC /* Project object */;
			proxyType = 1;
			remoteGlobalIDString = 97997C2F25D4A2EE0010C4BC;
			remoteInfo = "NameGame (macOS)";
		};
/* End PBXContainerItemProxy section */

/* Begin PBXFileReference section */
		97997C2125D4A2EC0010C4BC /* NameGameApp.swift */ = {isa = PBXFileReference; lastKnownFileType = sourcecode.swift; path = NameGameApp.swift; sourceTree = "<group>"; };
		97997C2225D4A2EC0010C4BC /* HomeView.swift */ = {isa = PBXFileReference; lastKnownFileType = sourcecode.swift; path = HomeView.swift; sourceTree = "<group>"; };
		97997C2325D4A2EE0010C4BC /* Assets.xcassets */ = {isa = PBXFileReference; lastKnownFileType = folder.assetcatalog; path = Assets.xcassets; sourceTree = "<group>"; };
		97997C2825D4A2EE0010C4BC /* NameGame.app */ = {isa = PBXFileReference; explicitFileType = wrapper.application; includeInIndex = 0; path = NameGame.app; sourceTree = BUILT_PRODUCTS_DIR; };
		97997C2B25D4A2EE0010C4BC /* Info.plist */ = {isa = PBXFileReference; lastKnownFileType = text.plist.xml; path = Info.plist; sourceTree = "<group>"; };
		97997C3025D4A2EE0010C4BC /* NameGame.app */ = {isa = PBXFileReference; explicitFileType = wrapper.application; includeInIndex = 0; path = NameGame.app; sourceTree = BUILT_PRODUCTS_DIR; };
		97997C3225D4A2EE0010C4BC /* Info.plist */ = {isa = PBXFileReference; lastKnownFileType = text.plist.xml; path = Info.plist; sourceTree = "<group>"; };
		97997C3325D4A2EE0010C4BC /* macOS.entitlements */ = {isa = PBXFileReference; lastKnownFileType = text.plist.entitlements; path = macOS.entitlements; sourceTree = "<group>"; };
		97997C3825D4A2EE0010C4BC /* Tests iOS.xctest */ = {isa = PBXFileReference; explicitFileType = wrapper.cfbundle; includeInIndex = 0; path = "Tests iOS.xctest"; sourceTree = BUILT_PRODUCTS_DIR; };
		97997C3C25D4A2EE0010C4BC /* Tests_iOS.swift */ = {isa = PBXFileReference; lastKnownFileType = sourcecode.swift; path = Tests_iOS.swift; sourceTree = "<group>"; };
		97997C3E25D4A2EE0010C4BC /* Info.plist */ = {isa = PBXFileReference; lastKnownFileType = text.plist.xml; path = Info.plist; sourceTree = "<group>"; };
		97997C4325D4A2EE0010C4BC /* Tests macOS.xctest */ = {isa = PBXFileReference; explicitFileType = wrapper.cfbundle; includeInIndex = 0; path = "Tests macOS.xctest"; sourceTree = BUILT_PRODUCTS_DIR; };
		97997C4725D4A2EE0010C4BC /* Tests_macOS.swift */ = {isa = PBXFileReference; lastKnownFileType = sourcecode.swift; path = Tests_macOS.swift; sourceTree = "<group>"; };
		97997C4925D4A2EE0010C4BC /* Info.plist */ = {isa = PBXFileReference; lastKnownFileType = text.plist.xml; path = Info.plist; sourceTree = "<group>"; };
		97997C6A25D4B7BF0010C4BC /* HomeMenuButton.swift */ = {isa = PBXFileReference; lastKnownFileType = sourcecode.swift; path = HomeMenuButton.swift; sourceTree = "<group>"; };
		97997C7125D4CDF50010C4BC /* GameView.swift */ = {isa = PBXFileReference; lastKnownFileType = sourcecode.swift; path = GameView.swift; sourceTree = "<group>"; };
		97997C8025D4D1A90010C4BC /* Employee.swift */ = {isa = PBXFileReference; lastKnownFileType = sourcecode.swift; path = Employee.swift; sourceTree = "<group>"; };
		97997C8F25D4D57B0010C4BC /* EmployeeModel.swift */ = {isa = PBXFileReference; lastKnownFileType = sourcecode.swift; path = EmployeeModel.swift; sourceTree = "<group>"; };
		97A8252925D8808600DF242C /* Game.swift */ = {isa = PBXFileReference; lastKnownFileType = sourcecode.swift; path = Game.swift; sourceTree = "<group>"; };
		97A8253725D880C700DF242C /* PracticeGame.swift */ = {isa = PBXFileReference; lastKnownFileType = sourcecode.swift; path = PracticeGame.swift; sourceTree = "<group>"; };
		97A8253D25D880D100DF242C /* TimedGame.swift */ = {isa = PBXFileReference; lastKnownFileType = sourcecode.swift; path = TimedGame.swift; sourceTree = "<group>"; };
		97A8254325D8858B00DF242C /* apiData.json */ = {isa = PBXFileReference; fileEncoding = 4; lastKnownFileType = text.json; path = apiData.json; sourceTree = "<group>"; };
		97A8255425D88DE400DF242C /* PracticeModeView.swift */ = {isa = PBXFileReference; lastKnownFileType = sourcecode.swift; path = PracticeModeView.swift; sourceTree = "<group>"; };
		97A8255D25D8B63500DF242C /* GameButton.swift */ = {isa = PBXFileReference; lastKnownFileType = sourcecode.swift; path = GameButton.swift; sourceTree = "<group>"; };
		97A8256E25D9B6AE00DF242C /* EmployeeButton.swift */ = {isa = PBXFileReference; lastKnownFileType = sourcecode.swift; path = EmployeeButton.swift; sourceTree = "<group>"; };
		97A8257B25DB585C00DF242C /* GameImage.swift */ = {isa = PBXFileReference; lastKnownFileType = sourcecode.swift; path = GameImage.swift; sourceTree = "<group>"; };
/* End PBXFileReference section */

/* Begin PBXFrameworksBuildPhase section */
		97997C2525D4A2EE0010C4BC /* Frameworks */ = {
			isa = PBXFrameworksBuildPhase;
			buildActionMask = 2147483647;
			files = (
				970A420925DF33060057F2BE /* QGrid in Frameworks */,
			);
			runOnlyForDeploymentPostprocessing = 0;
		};
		97997C2D25D4A2EE0010C4BC /* Frameworks */ = {
			isa = PBXFrameworksBuildPhase;
			buildActionMask = 2147483647;
			files = (
			);
			runOnlyForDeploymentPostprocessing = 0;
		};
		97997C3525D4A2EE0010C4BC /* Frameworks */ = {
			isa = PBXFrameworksBuildPhase;
			buildActionMask = 2147483647;
			files = (
			);
			runOnlyForDeploymentPostprocessing = 0;
		};
		97997C4025D4A2EE0010C4BC /* Frameworks */ = {
			isa = PBXFrameworksBuildPhase;
			buildActionMask = 2147483647;
			files = (
			);
			runOnlyForDeploymentPostprocessing = 0;
		};
/* End PBXFrameworksBuildPhase section */

/* Begin PBXGroup section */
		97997C1B25D4A2EC0010C4BC = {
			isa = PBXGroup;
			children = (
				97997C2025D4A2EC0010C4BC /* Shared */,
				97997C2A25D4A2EE0010C4BC /* iOS */,
				97997C3125D4A2EE0010C4BC /* macOS */,
				97997C3B25D4A2EE0010C4BC /* Tests iOS */,
				97997C4625D4A2EE0010C4BC /* Tests macOS */,
				97997C2925D4A2EE0010C4BC /* Products */,
			);
			sourceTree = "<group>";
		};
		97997C2025D4A2EC0010C4BC /* Shared */ = {
			isa = PBXGroup;
			children = (
				97997C2125D4A2EC0010C4BC /* NameGameApp.swift */,
				97997C8825D4D1D00010C4BC /* Views */,
				97A8252425D87FED00DF242C /* Controllers */,
				97997C8725D4D1C20010C4BC /* Models */,
				97A8254325D8858B00DF242C /* apiData.json */,
				97997C2325D4A2EE0010C4BC /* Assets.xcassets */,
			);
			path = Shared;
			sourceTree = "<group>";
		};
		97997C2925D4A2EE0010C4BC /* Products */ = {
			isa = PBXGroup;
			children = (
				97997C2825D4A2EE0010C4BC /* NameGame.app */,
				97997C3025D4A2EE0010C4BC /* NameGame.app */,
				97997C3825D4A2EE0010C4BC /* Tests iOS.xctest */,
				97997C4325D4A2EE0010C4BC /* Tests macOS.xctest */,
			);
			name = Products;
			sourceTree = "<group>";
		};
		97997C2A25D4A2EE0010C4BC /* iOS */ = {
			isa = PBXGroup;
			children = (
				97997C2B25D4A2EE0010C4BC /* Info.plist */,
			);
			path = iOS;
			sourceTree = "<group>";
		};
		97997C3125D4A2EE0010C4BC /* macOS */ = {
			isa = PBXGroup;
			children = (
				97997C3225D4A2EE0010C4BC /* Info.plist */,
				97997C3325D4A2EE0010C4BC /* macOS.entitlements */,
			);
			path = macOS;
			sourceTree = "<group>";
		};
		97997C3B25D4A2EE0010C4BC /* Tests iOS */ = {
			isa = PBXGroup;
			children = (
				97997C3C25D4A2EE0010C4BC /* Tests_iOS.swift */,
				97997C3E25D4A2EE0010C4BC /* Info.plist */,
			);
			path = "Tests iOS";
			sourceTree = "<group>";
		};
		97997C4625D4A2EE0010C4BC /* Tests macOS */ = {
			isa = PBXGroup;
			children = (
				97997C4725D4A2EE0010C4BC /* Tests_macOS.swift */,
				97997C4925D4A2EE0010C4BC /* Info.plist */,
			);
			path = "Tests macOS";
			sourceTree = "<group>";
		};
		97997C8725D4D1C20010C4BC /* Models */ = {
			isa = PBXGroup;
			children = (
				97997C8025D4D1A90010C4BC /* Employee.swift */,
				97A8256E25D9B6AE00DF242C /* EmployeeButton.swift */,
				97997C8F25D4D57B0010C4BC /* EmployeeModel.swift */,
			);
			path = Models;
			sourceTree = "<group>";
		};
		97997C8825D4D1D00010C4BC /* Views */ = {
			isa = PBXGroup;
			children = (
				97997C8A25D4D1F00010C4BC /* GameView */,
				97997C8925D4D1D60010C4BC /* HomeView */,
			);
			path = Views;
			sourceTree = "<group>";
		};
		97997C8925D4D1D60010C4BC /* HomeView */ = {
			isa = PBXGroup;
			children = (
				97997C6A25D4B7BF0010C4BC /* HomeMenuButton.swift */,
				97997C2225D4A2EC0010C4BC /* HomeView.swift */,
			);
			path = HomeView;
			sourceTree = "<group>";
		};
		97997C8A25D4D1F00010C4BC /* GameView */ = {
			isa = PBXGroup;
			children = (
				97A8255D25D8B63500DF242C /* GameButton.swift */,
				97A8257B25DB585C00DF242C /* GameImage.swift */,
				97997C7125D4CDF50010C4BC /* GameView.swift */,
				97A8255425D88DE400DF242C /* PracticeModeView.swift */,
			);
			path = GameView;
			sourceTree = "<group>";
		};
		97A8252425D87FED00DF242C /* Controllers */ = {
			isa = PBXGroup;
			children = (
				97A8252925D8808600DF242C /* Game.swift */,
				97A8253725D880C700DF242C /* PracticeGame.swift */,
				97A8253D25D880D100DF242C /* TimedGame.swift */,
			);
			path = Controllers;
			sourceTree = "<group>";
		};
/* End PBXGroup section */

/* Begin PBXNativeTarget section */
		97997C2725D4A2EE0010C4BC /* NameGame (iOS) */ = {
			isa = PBXNativeTarget;
			buildConfigurationList = 97997C5225D4A2EE0010C4BC /* Build configuration list for PBXNativeTarget "NameGame (iOS)" */;
			buildPhases = (
				97997C2425D4A2EE0010C4BC /* Sources */,
				97997C2525D4A2EE0010C4BC /* Frameworks */,
				97997C2625D4A2EE0010C4BC /* Resources */,
			);
			buildRules = (
			);
			dependencies = (
			);
			name = "NameGame (iOS)";
			packageProductDependencies = (
				970A420825DF33060057F2BE /* QGrid */,
			);
			productName = "NameGame (iOS)";
			productReference = 97997C2825D4A2EE0010C4BC /* NameGame.app */;
			productType = "com.apple.product-type.application";
		};
		97997C2F25D4A2EE0010C4BC /* NameGame (macOS) */ = {
			isa = PBXNativeTarget;
			buildConfigurationList = 97997C5525D4A2EE0010C4BC /* Build configuration list for PBXNativeTarget "NameGame (macOS)" */;
			buildPhases = (
				97997C2C25D4A2EE0010C4BC /* Sources */,
				97997C2D25D4A2EE0010C4BC /* Frameworks */,
				97997C2E25D4A2EE0010C4BC /* Resources */,
			);
			buildRules = (
			);
			dependencies = (
			);
			name = "NameGame (macOS)";
			productName = "NameGame (macOS)";
			productReference = 97997C3025D4A2EE0010C4BC /* NameGame.app */;
			productType = "com.apple.product-type.application";
		};
		97997C3725D4A2EE0010C4BC /* Tests iOS */ = {
			isa = PBXNativeTarget;
			buildConfigurationList = 97997C5825D4A2EE0010C4BC /* Build configuration list for PBXNativeTarget "Tests iOS" */;
			buildPhases = (
				97997C3425D4A2EE0010C4BC /* Sources */,
				97997C3525D4A2EE0010C4BC /* Frameworks */,
				97997C3625D4A2EE0010C4BC /* Resources */,
			);
			buildRules = (
			);
			dependencies = (
				97997C3A25D4A2EE0010C4BC /* PBXTargetDependency */,
			);
			name = "Tests iOS";
			productName = "Tests iOS";
			productReference = 97997C3825D4A2EE0010C4BC /* Tests iOS.xctest */;
			productType = "com.apple.product-type.bundle.ui-testing";
		};
		97997C4225D4A2EE0010C4BC /* Tests macOS */ = {
			isa = PBXNativeTarget;
			buildConfigurationList = 97997C5B25D4A2EE0010C4BC /* Build configuration list for PBXNativeTarget "Tests macOS" */;
			buildPhases = (
				97997C3F25D4A2EE0010C4BC /* Sources */,
				97997C4025D4A2EE0010C4BC /* Frameworks */,
				97997C4125D4A2EE0010C4BC /* Resources */,
			);
			buildRules = (
			);
			dependencies = (
				97997C4525D4A2EE0010C4BC /* PBXTargetDependency */,
			);
			name = "Tests macOS";
			productName = "Tests macOS";
			productReference = 97997C4325D4A2EE0010C4BC /* Tests macOS.xctest */;
			productType = "com.apple.product-type.bundle.ui-testing";
		};
/* End PBXNativeTarget section */

/* Begin PBXProject section */
		97997C1C25D4A2EC0010C4BC /* Project object */ = {
			isa = PBXProject;
			attributes = {
				LastSwiftUpdateCheck = 1240;
				LastUpgradeCheck = 1240;
				TargetAttributes = {
					97997C2725D4A2EE0010C4BC = {
						CreatedOnToolsVersion = 12.4;
					};
					97997C2F25D4A2EE0010C4BC = {
						CreatedOnToolsVersion = 12.4;
					};
					97997C3725D4A2EE0010C4BC = {
						CreatedOnToolsVersion = 12.4;
						TestTargetID = 97997C2725D4A2EE0010C4BC;
					};
					97997C4225D4A2EE0010C4BC = {
						CreatedOnToolsVersion = 12.4;
						TestTargetID = 97997C2F25D4A2EE0010C4BC;
					};
				};
			};
			buildConfigurationList = 97997C1F25D4A2EC0010C4BC /* Build configuration list for PBXProject "NameGame" */;
			compatibilityVersion = "Xcode 9.3";
			developmentRegion = en;
			hasScannedForEncodings = 0;
			knownRegions = (
				en,
				Base,
			);
			mainGroup = 97997C1B25D4A2EC0010C4BC;
			packageReferences = (
				970A420725DF33060057F2BE /* XCRemoteSwiftPackageReference "QGrid" */,
			);
			productRefGroup = 97997C2925D4A2EE0010C4BC /* Products */;
			projectDirPath = "";
			projectRoot = "";
			targets = (
				97997C2725D4A2EE0010C4BC /* NameGame (iOS) */,
				97997C2F25D4A2EE0010C4BC /* NameGame (macOS) */,
				97997C3725D4A2EE0010C4BC /* Tests iOS */,
				97997C4225D4A2EE0010C4BC /* Tests macOS */,
			);
		};
/* End PBXProject section */

/* Begin PBXResourcesBuildPhase section */
		97997C2625D4A2EE0010C4BC /* Resources */ = {
			isa = PBXResourcesBuildPhase;
			buildActionMask = 2147483647;
			files = (
				97A8254425D8858B00DF242C /* apiData.json in Resources */,
				97997C4E25D4A2EE0010C4BC /* Assets.xcassets in Resources */,
			);
			runOnlyForDeploymentPostprocessing = 0;
		};
		97997C2E25D4A2EE0010C4BC /* Resources */ = {
			isa = PBXResourcesBuildPhase;
			buildActionMask = 2147483647;
			files = (
				97A8254525D8858B00DF242C /* apiData.json in Resources */,
				97997C4F25D4A2EE0010C4BC /* Assets.xcassets in Resources */,
			);
			runOnlyForDeploymentPostprocessing = 0;
		};
		97997C3625D4A2EE0010C4BC /* Resources */ = {
			isa = PBXResourcesBuildPhase;
			buildActionMask = 2147483647;
			files = (
				97A8254625D8858B00DF242C /* apiData.json in Resources */,
			);
			runOnlyForDeploymentPostprocessing = 0;
		};
		97997C4125D4A2EE0010C4BC /* Resources */ = {
			isa = PBXResourcesBuildPhase;
			buildActionMask = 2147483647;
			files = (
				97A8254725D8858B00DF242C /* apiData.json in Resources */,
			);
			runOnlyForDeploymentPostprocessing = 0;
		};
/* End PBXResourcesBuildPhase section */

/* Begin PBXSourcesBuildPhase section */
		97997C2425D4A2EE0010C4BC /* Sources */ = {
			isa = PBXSourcesBuildPhase;
			buildActionMask = 2147483647;
			files = (
				97997C6B25D4B7C00010C4BC /* HomeMenuButton.swift in Sources */,
				97997C4C25D4A2EE0010C4BC /* HomeView.swift in Sources */,
				97A8253825D880C700DF242C /* PracticeGame.swift in Sources */,
				97A8253E25D880D100DF242C /* TimedGame.swift in Sources */,
				97A8255525D88DE400DF242C /* PracticeModeView.swift in Sources */,
				97A8252A25D8808600DF242C /* Game.swift in Sources */,
				97997C7225D4CDF50010C4BC /* GameView.swift in Sources */,
				97A8256F25D9B6AE00DF242C /* EmployeeButton.swift in Sources */,
				97997C9025D4D57B0010C4BC /* EmployeeModel.swift in Sources */,
				97997C8125D4D1A90010C4BC /* Employee.swift in Sources */,
				97A8255E25D8B63500DF242C /* GameButton.swift in Sources */,
				97997C4A25D4A2EE0010C4BC /* NameGameApp.swift in Sources */,
				97A8257C25DB585C00DF242C /* GameImage.swift in Sources */,
			);
			runOnlyForDeploymentPostprocessing = 0;
		};
		97997C2C25D4A2EE0010C4BC /* Sources */ = {
			isa = PBXSourcesBuildPhase;
			buildActionMask = 2147483647;
			files = (
				97997C6C25D4B7C00010C4BC /* HomeMenuButton.swift in Sources */,
				97A8255F25D8B63500DF242C /* GameButton.swift in Sources */,
				97997C4D25D4A2EE0010C4BC /* HomeView.swift in Sources */,
				97997C7325D4CDF50010C4BC /* GameView.swift in Sources */,
				97997C9125D4D57B0010C4BC /* EmployeeModel.swift in Sources */,
				97997C8225D4D1A90010C4BC /* Employee.swift in Sources */,
				97A8255625D88DE400DF242C /* PracticeModeView.swift in Sources */,
				97A8257D25DB585D00DF242C /* GameImage.swift in Sources */,
				97A8257025D9B6AE00DF242C /* EmployeeButton.swift in Sources */,
				97997C4B25D4A2EE0010C4BC /* NameGameApp.swift in Sources */,
			);
			runOnlyForDeploymentPostprocessing = 0;
		};
		97997C3425D4A2EE0010C4BC /* Sources */ = {
			isa = PBXSourcesBuildPhase;
			buildActionMask = 2147483647;
			files = (
				97A8255725D88DE400DF242C /* PracticeModeView.swift in Sources */,
				97A8256025D8B63500DF242C /* GameButton.swift in Sources */,
				97A8257E25DB585D00DF242C /* GameImage.swift in Sources */,
				97997C3D25D4A2EE0010C4BC /* Tests_iOS.swift in Sources */,
				97A8257125D9B6AE00DF242C /* EmployeeButton.swift in Sources */,
			);
			runOnlyForDeploymentPostprocessing = 0;
		};
		97997C3F25D4A2EE0010C4BC /* Sources */ = {
			isa = PBXSourcesBuildPhase;
			buildActionMask = 2147483647;
			files = (
				97A8255825D88DE400DF242C /* PracticeModeView.swift in Sources */,
				97A8256125D8B63500DF242C /* GameButton.swift in Sources */,
				97A8257F25DB585D00DF242C /* GameImage.swift in Sources */,
				97997C4825D4A2EE0010C4BC /* Tests_macOS.swift in Sources */,
				97A8257225D9B6AE00DF242C /* EmployeeButton.swift in Sources */,
			);
			runOnlyForDeploymentPostprocessing = 0;
		};
/* End PBXSourcesBuildPhase section */

/* Begin PBXTargetDependency section */
		97997C3A25D4A2EE0010C4BC /* PBXTargetDependency */ = {
			isa = PBXTargetDependency;
			target = 97997C2725D4A2EE0010C4BC /* NameGame (iOS) */;
			targetProxy = 97997C3925D4A2EE0010C4BC /* PBXContainerItemProxy */;
		};
		97997C4525D4A2EE0010C4BC /* PBXTargetDependency */ = {
			isa = PBXTargetDependency;
			target = 97997C2F25D4A2EE0010C4BC /* NameGame (macOS) */;
			targetProxy = 97997C4425D4A2EE0010C4BC /* PBXContainerItemProxy */;
		};
/* End PBXTargetDependency section */

/* Begin XCBuildConfiguration section */
		97997C5025D4A2EE0010C4BC /* Debug */ = {
			isa = XCBuildConfiguration;
			buildSettings = {
				ALWAYS_SEARCH_USER_PATHS = NO;
				CLANG_ANALYZER_NONNULL = YES;
				CLANG_ANALYZER_NUMBER_OBJECT_CONVERSION = YES_AGGRESSIVE;
				CLANG_CXX_LANGUAGE_STANDARD = "gnu++14";
				CLANG_CXX_LIBRARY = "libc++";
				CLANG_ENABLE_MODULES = YES;
				CLANG_ENABLE_OBJC_ARC = YES;
				CLANG_ENABLE_OBJC_WEAK = YES;
				CLANG_WARN_BLOCK_CAPTURE_AUTORELEASING = YES;
				CLANG_WARN_BOOL_CONVERSION = YES;
				CLANG_WARN_COMMA = YES;
				CLANG_WARN_CONSTANT_CONVERSION = YES;
				CLANG_WARN_DEPRECATED_OBJC_IMPLEMENTATIONS = YES;
				CLANG_WARN_DIRECT_OBJC_ISA_USAGE = YES_ERROR;
				CLANG_WARN_DOCUMENTATION_COMMENTS = YES;
				CLANG_WARN_EMPTY_BODY = YES;
				CLANG_WARN_ENUM_CONVERSION = YES;
				CLANG_WARN_INFINITE_RECURSION = YES;
				CLANG_WARN_INT_CONVERSION = YES;
				CLANG_WARN_NON_LITERAL_NULL_CONVERSION = YES;
				CLANG_WARN_OBJC_IMPLICIT_RETAIN_SELF = YES;
				CLANG_WARN_OBJC_LITERAL_CONVERSION = YES;
				CLANG_WARN_OBJC_ROOT_CLASS = YES_ERROR;
				CLANG_WARN_QUOTED_INCLUDE_IN_FRAMEWORK_HEADER = YES;
				CLANG_WARN_RANGE_LOOP_ANALYSIS = YES;
				CLANG_WARN_STRICT_PROTOTYPES = YES;
				CLANG_WARN_SUSPICIOUS_MOVE = YES;
				CLANG_WARN_UNGUARDED_AVAILABILITY = YES_AGGRESSIVE;
				CLANG_WARN_UNREACHABLE_CODE = YES;
				CLANG_WARN__DUPLICATE_METHOD_MATCH = YES;
				COPY_PHASE_STRIP = NO;
				DEBUG_INFORMATION_FORMAT = dwarf;
				ENABLE_STRICT_OBJC_MSGSEND = YES;
				ENABLE_TESTABILITY = YES;
				GCC_C_LANGUAGE_STANDARD = gnu11;
				GCC_DYNAMIC_NO_PIC = NO;
				GCC_NO_COMMON_BLOCKS = YES;
				GCC_OPTIMIZATION_LEVEL = 0;
				GCC_PREPROCESSOR_DEFINITIONS = (
					"DEBUG=1",
					"$(inherited)",
				);
				GCC_WARN_64_TO_32_BIT_CONVERSION = YES;
				GCC_WARN_ABOUT_RETURN_TYPE = YES_ERROR;
				GCC_WARN_UNDECLARED_SELECTOR = YES;
				GCC_WARN_UNINITIALIZED_AUTOS = YES_AGGRESSIVE;
				GCC_WARN_UNUSED_FUNCTION = YES;
				GCC_WARN_UNUSED_VARIABLE = YES;
				MTL_ENABLE_DEBUG_INFO = INCLUDE_SOURCE;
				MTL_FAST_MATH = YES;
				ONLY_ACTIVE_ARCH = YES;
				SWIFT_ACTIVE_COMPILATION_CONDITIONS = DEBUG;
				SWIFT_OPTIMIZATION_LEVEL = "-Onone";
			};
			name = Debug;
		};
		97997C5125D4A2EE0010C4BC /* Release */ = {
			isa = XCBuildConfiguration;
			buildSettings = {
				ALWAYS_SEARCH_USER_PATHS = NO;
				CLANG_ANALYZER_NONNULL = YES;
				CLANG_ANALYZER_NUMBER_OBJECT_CONVERSION = YES_AGGRESSIVE;
				CLANG_CXX_LANGUAGE_STANDARD = "gnu++14";
				CLANG_CXX_LIBRARY = "libc++";
				CLANG_ENABLE_MODULES = YES;
				CLANG_ENABLE_OBJC_ARC = YES;
				CLANG_ENABLE_OBJC_WEAK = YES;
				CLANG_WARN_BLOCK_CAPTURE_AUTORELEASING = YES;
				CLANG_WARN_BOOL_CONVERSION = YES;
				CLANG_WARN_COMMA = YES;
				CLANG_WARN_CONSTANT_CONVERSION = YES;
				CLANG_WARN_DEPRECATED_OBJC_IMPLEMENTATIONS = YES;
				CLANG_WARN_DIRECT_OBJC_ISA_USAGE = YES_ERROR;
				CLANG_WARN_DOCUMENTATION_COMMENTS = YES;
				CLANG_WARN_EMPTY_BODY = YES;
				CLANG_WARN_ENUM_CONVERSION = YES;
				CLANG_WARN_INFINITE_RECURSION = YES;
				CLANG_WARN_INT_CONVERSION = YES;
				CLANG_WARN_NON_LITERAL_NULL_CONVERSION = YES;
				CLANG_WARN_OBJC_IMPLICIT_RETAIN_SELF = YES;
				CLANG_WARN_OBJC_LITERAL_CONVERSION = YES;
				CLANG_WARN_OBJC_ROOT_CLASS = YES_ERROR;
				CLANG_WARN_QUOTED_INCLUDE_IN_FRAMEWORK_HEADER = YES;
				CLANG_WARN_RANGE_LOOP_ANALYSIS = YES;
				CLANG_WARN_STRICT_PROTOTYPES = YES;
				CLANG_WARN_SUSPICIOUS_MOVE = YES;
				CLANG_WARN_UNGUARDED_AVAILABILITY = YES_AGGRESSIVE;
				CLANG_WARN_UNREACHABLE_CODE = YES;
				CLANG_WARN__DUPLICATE_METHOD_MATCH = YES;
				COPY_PHASE_STRIP = NO;
				DEBUG_INFORMATION_FORMAT = "dwarf-with-dsym";
				ENABLE_NS_ASSERTIONS = NO;
				ENABLE_STRICT_OBJC_MSGSEND = YES;
				GCC_C_LANGUAGE_STANDARD = gnu11;
				GCC_NO_COMMON_BLOCKS = YES;
				GCC_WARN_64_TO_32_BIT_CONVERSION = YES;
				GCC_WARN_ABOUT_RETURN_TYPE = YES_ERROR;
				GCC_WARN_UNDECLARED_SELECTOR = YES;
				GCC_WARN_UNINITIALIZED_AUTOS = YES_AGGRESSIVE;
				GCC_WARN_UNUSED_FUNCTION = YES;
				GCC_WARN_UNUSED_VARIABLE = YES;
				MTL_ENABLE_DEBUG_INFO = NO;
				MTL_FAST_MATH = YES;
				SWIFT_COMPILATION_MODE = wholemodule;
				SWIFT_OPTIMIZATION_LEVEL = "-O";
			};
			name = Release;
		};
		97997C5325D4A2EE0010C4BC /* Debug */ = {
			isa = XCBuildConfiguration;
			buildSettings = {
				ASSETCATALOG_COMPILER_APPICON_NAME = AppIcon;
				ASSETCATALOG_COMPILER_GLOBAL_ACCENT_COLOR_NAME = AccentColor;
				CODE_SIGN_STYLE = Automatic;
				ENABLE_PREVIEWS = YES;
				INFOPLIST_FILE = iOS/Info.plist;
				IPHONEOS_DEPLOYMENT_TARGET = 14.0;
				LD_RUNPATH_SEARCH_PATHS = (
					"$(inherited)",
					"@executable_path/Frameworks",
				);
				PRODUCT_BUNDLE_IDENTIFIER = dev.silverman.NameGame;
				PRODUCT_NAME = NameGame;
				SDKROOT = iphoneos;
				SWIFT_VERSION = 5.0;
				TARGETED_DEVICE_FAMILY = "1,2";
			};
			name = Debug;
		};
		97997C5425D4A2EE0010C4BC /* Release */ = {
			isa = XCBuildConfiguration;
			buildSettings = {
				ASSETCATALOG_COMPILER_APPICON_NAME = AppIcon;
				ASSETCATALOG_COMPILER_GLOBAL_ACCENT_COLOR_NAME = AccentColor;
				CODE_SIGN_STYLE = Automatic;
				ENABLE_PREVIEWS = YES;
				INFOPLIST_FILE = iOS/Info.plist;
				IPHONEOS_DEPLOYMENT_TARGET = 14.0;
				LD_RUNPATH_SEARCH_PATHS = (
					"$(inherited)",
					"@executable_path/Frameworks",
				);
				PRODUCT_BUNDLE_IDENTIFIER = dev.silverman.NameGame;
				PRODUCT_NAME = NameGame;
				SDKROOT = iphoneos;
				SWIFT_VERSION = 5.0;
				TARGETED_DEVICE_FAMILY = "1,2";
				VALIDATE_PRODUCT = YES;
			};
			name = Release;
		};
		97997C5625D4A2EE0010C4BC /* Debug */ = {
			isa = XCBuildConfiguration;
			buildSettings = {
				ASSETCATALOG_COMPILER_APPICON_NAME = AppIcon;
				ASSETCATALOG_COMPILER_GLOBAL_ACCENT_COLOR_NAME = AccentColor;
				CODE_SIGN_ENTITLEMENTS = macOS/macOS.entitlements;
				CODE_SIGN_STYLE = Automatic;
				COMBINE_HIDPI_IMAGES = YES;
				ENABLE_PREVIEWS = YES;
				INFOPLIST_FILE = macOS/Info.plist;
				LD_RUNPATH_SEARCH_PATHS = (
					"$(inherited)",
					"@executable_path/../Frameworks",
				);
				MACOSX_DEPLOYMENT_TARGET = 11.0;
				PRODUCT_BUNDLE_IDENTIFIER = dev.silverman.NameGame;
				PRODUCT_NAME = NameGame;
				SDKROOT = macosx;
				SWIFT_VERSION = 5.0;
			};
			name = Debug;
		};
		97997C5725D4A2EE0010C4BC /* Release */ = {
			isa = XCBuildConfiguration;
			buildSettings = {
				ASSETCATALOG_COMPILER_APPICON_NAME = AppIcon;
				ASSETCATALOG_COMPILER_GLOBAL_ACCENT_COLOR_NAME = AccentColor;
				CODE_SIGN_ENTITLEMENTS = macOS/macOS.entitlements;
				CODE_SIGN_STYLE = Automatic;
				COMBINE_HIDPI_IMAGES = YES;
				ENABLE_PREVIEWS = YES;
				INFOPLIST_FILE = macOS/Info.plist;
				LD_RUNPATH_SEARCH_PATHS = (
					"$(inherited)",
					"@executable_path/../Frameworks",
				);
				MACOSX_DEPLOYMENT_TARGET = 11.0;
				PRODUCT_BUNDLE_IDENTIFIER = dev.silverman.NameGame;
				PRODUCT_NAME = NameGame;
				SDKROOT = macosx;
				SWIFT_VERSION = 5.0;
			};
			name = Release;
		};
		97997C5925D4A2EE0010C4BC /* Debug */ = {
			isa = XCBuildConfiguration;
			buildSettings = {
				ALWAYS_EMBED_SWIFT_STANDARD_LIBRARIES = YES;
				CODE_SIGN_STYLE = Automatic;
				INFOPLIST_FILE = "Tests iOS/Info.plist";
				IPHONEOS_DEPLOYMENT_TARGET = 14.4;
				LD_RUNPATH_SEARCH_PATHS = (
					"$(inherited)",
					"@executable_path/Frameworks",
					"@loader_path/Frameworks",
				);
				PRODUCT_BUNDLE_IDENTIFIER = "dev.silverman.Tests-iOS";
				PRODUCT_NAME = "$(TARGET_NAME)";
				SDKROOT = iphoneos;
				SWIFT_VERSION = 5.0;
				TARGETED_DEVICE_FAMILY = "1,2";
				TEST_TARGET_NAME = "NameGame (iOS)";
			};
			name = Debug;
		};
		97997C5A25D4A2EE0010C4BC /* Release */ = {
			isa = XCBuildConfiguration;
			buildSettings = {
				ALWAYS_EMBED_SWIFT_STANDARD_LIBRARIES = YES;
				CODE_SIGN_STYLE = Automatic;
				INFOPLIST_FILE = "Tests iOS/Info.plist";
				IPHONEOS_DEPLOYMENT_TARGET = 14.4;
				LD_RUNPATH_SEARCH_PATHS = (
					"$(inherited)",
					"@executable_path/Frameworks",
					"@loader_path/Frameworks",
				);
				PRODUCT_BUNDLE_IDENTIFIER = "dev.silverman.Tests-iOS";
				PRODUCT_NAME = "$(TARGET_NAME)";
				SDKROOT = iphoneos;
				SWIFT_VERSION = 5.0;
				TARGETED_DEVICE_FAMILY = "1,2";
				TEST_TARGET_NAME = "NameGame (iOS)";
				VALIDATE_PRODUCT = YES;
			};
			name = Release;
		};
		97997C5C25D4A2EE0010C4BC /* Debug */ = {
			isa = XCBuildConfiguration;
			buildSettings = {
				ALWAYS_EMBED_SWIFT_STANDARD_LIBRARIES = YES;
				CODE_SIGN_STYLE = Automatic;
				COMBINE_HIDPI_IMAGES = YES;
				INFOPLIST_FILE = "Tests macOS/Info.plist";
				LD_RUNPATH_SEARCH_PATHS = (
					"$(inherited)",
					"@executable_path/../Frameworks",
					"@loader_path/../Frameworks",
				);
				MACOSX_DEPLOYMENT_TARGET = 10.15;
				PRODUCT_BUNDLE_IDENTIFIER = "dev.silverman.Tests-macOS";
				PRODUCT_NAME = "$(TARGET_NAME)";
				SDKROOT = macosx;
				SWIFT_VERSION = 5.0;
				TEST_TARGET_NAME = "NameGame (macOS)";
			};
			name = Debug;
		};
		97997C5D25D4A2EE0010C4BC /* Release */ = {
			isa = XCBuildConfiguration;
			buildSettings = {
				ALWAYS_EMBED_SWIFT_STANDARD_LIBRARIES = YES;
				CODE_SIGN_STYLE = Automatic;
				COMBINE_HIDPI_IMAGES = YES;
				INFOPLIST_FILE = "Tests macOS/Info.plist";
				LD_RUNPATH_SEARCH_PATHS = (
					"$(inherited)",
					"@executable_path/../Frameworks",
					"@loader_path/../Frameworks",
				);
				MACOSX_DEPLOYMENT_TARGET = 10.15;
				PRODUCT_BUNDLE_IDENTIFIER = "dev.silverman.Tests-macOS";
				PRODUCT_NAME = "$(TARGET_NAME)";
				SDKROOT = macosx;
				SWIFT_VERSION = 5.0;
				TEST_TARGET_NAME = "NameGame (macOS)";
			};
			name = Release;
		};
/* End XCBuildConfiguration section */

/* Begin XCConfigurationList section */
		97997C1F25D4A2EC0010C4BC /* Build configuration list for PBXProject "NameGame" */ = {
			isa = XCConfigurationList;
			buildConfigurations = (
				97997C5025D4A2EE0010C4BC /* Debug */,
				97997C5125D4A2EE0010C4BC /* Release */,
			);
			defaultConfigurationIsVisible = 0;
			defaultConfigurationName = Release;
		};
		97997C5225D4A2EE0010C4BC /* Build configuration list for PBXNativeTarget "NameGame (iOS)" */ = {
			isa = XCConfigurationList;
			buildConfigurations = (
				97997C5325D4A2EE0010C4BC /* Debug */,
				97997C5425D4A2EE0010C4BC /* Release */,
			);
			defaultConfigurationIsVisible = 0;
			defaultConfigurationName = Release;
		};
		97997C5525D4A2EE0010C4BC /* Build configuration list for PBXNativeTarget "NameGame (macOS)" */ = {
			isa = XCConfigurationList;
			buildConfigurations = (
				97997C5625D4A2EE0010C4BC /* Debug */,
				97997C5725D4A2EE0010C4BC /* Release */,
			);
			defaultConfigurationIsVisible = 0;
			defaultConfigurationName = Release;
		};
		97997C5825D4A2EE0010C4BC /* Build configuration list for PBXNativeTarget "Tests iOS" */ = {
			isa = XCConfigurationList;
			buildConfigurations = (
				97997C5925D4A2EE0010C4BC /* Debug */,
				97997C5A25D4A2EE0010C4BC /* Release */,
			);
			defaultConfigurationIsVisible = 0;
			defaultConfigurationName = Release;
		};
		97997C5B25D4A2EE0010C4BC /* Build configuration list for PBXNativeTarget "Tests macOS" */ = {
			isa = XCConfigurationList;
			buildConfigurations = (
				97997C5C25D4A2EE0010C4BC /* Debug */,
				97997C5D25D4A2EE0010C4BC /* Release */,
			);
			defaultConfigurationIsVisible = 0;
			defaultConfigurationName = Release;
		};
/* End XCConfigurationList section */

/* Begin XCRemoteSwiftPackageReference section */
		970A420725DF33060057F2BE /* XCRemoteSwiftPackageReference "QGrid" */ = {
			isa = XCRemoteSwiftPackageReference;
			repositoryURL = "https://github.com/Q-Mobile/QGrid";
			requirement = {
				kind = upToNextMajorVersion;
				minimumVersion = 0.1.4;
			};
		};
/* End XCRemoteSwiftPackageReference section */

/* Begin XCSwiftPackageProductDependency section */
		970A420825DF33060057F2BE /* QGrid */ = {
			isa = XCSwiftPackageProductDependency;
			package = 970A420725DF33060057F2BE /* XCRemoteSwiftPackageReference "QGrid" */;
			productName = QGrid;
		};
/* End XCSwiftPackageProductDependency section */
	};
	rootObject = 97997C1C25D4A2EC0010C4BC /* Project object */;
}
